// !$*UTF8*$!
{
	archiveVersion = 1;
	classes = {
	};
	objectVersion = 46;
	objects = {

/* Begin PBXBuildFile section */
		00395D6900B4FBB84E41BE85 /* LimbDarkeningPass.cpp in Sources */ = {isa = PBXBuildFile; fileRef = 619CEAC063210E57821F9840 /* LimbDarkeningPass.cpp */; };
		19371CB78F63B7C40B3DA353 /* shaderTest.cpp in Sources */ = {isa = PBXBuildFile; fileRef = 9D69DB911E09C65D89DBDC00 /* shaderTest.cpp */; };
		23BE08467C4F490BB7D5D3EE /* ContrastPass.cpp in Sources */ = {isa = PBXBuildFile; fileRef = 0DC57C699728C1FC7F741E0E /* ContrastPass.cpp */; };
		29D734F0DDECC8C5978185D7 /* testApp.cpp in Sources */ = {isa = PBXBuildFile; fileRef = 00A1BFCBB38848AD0E0C8539 /* testApp.cpp */; };
		3149AD333485BCA385E301A6 /* RimHighlightingPass.cpp in Sources */ = {isa = PBXBuildFile; fileRef = CE804DD9D84E7B437524E028 /* RimHighlightingPass.cpp */; };
		3211E6D112C7FCFF4DAC8749 /* HorizontalTiltShifPass.cpp in Sources */ = {isa = PBXBuildFile; fileRef = E9FF75755FA10B4C87F43E54 /* HorizontalTiltShifPass.cpp */; };
		33C6938313D927202BFFC850 /* GodRaysPass.cpp in Sources */ = {isa = PBXBuildFile; fileRef = C74A893450BFD5D297D73704 /* GodRaysPass.cpp */; };
		3F4761AEEF905D56AE3CE1C1 /* KaleidoscopePass.cpp in Sources */ = {isa = PBXBuildFile; fileRef = 2D884D20E7A93CE820DB2D3F /* KaleidoscopePass.cpp */; };
		4765C568C22529075BF51CA6 /* LUTPass.cpp in Sources */ = {isa = PBXBuildFile; fileRef = E5B47C45AD385102E1BC7861 /* LUTPass.cpp */; };
		479DDDF107DFEB76BCCEF29D /* SSAOPass.cpp in Sources */ = {isa = PBXBuildFile; fileRef = 20322B90B0E6D731944E4320 /* SSAOPass.cpp */; };
		5098A726B40C2AE8CE0AF2E1 /* ConvolutionPass.cpp in Sources */ = {isa = PBXBuildFile; fileRef = 0632C95CB0D62A3C2577535A /* ConvolutionPass.cpp */; };
		5AFCAB5F262B6357D8F6578E /* RenderPass.cpp in Sources */ = {isa = PBXBuildFile; fileRef = 441D17377ED04D1E1E204A45 /* RenderPass.cpp */; };
		67BD4516FDF633EBF1145146 /* ZoomBlurPass.cpp in Sources */ = {isa = PBXBuildFile; fileRef = BD3D6E4E74EBDDAB9FA7E33A /* ZoomBlurPass.cpp */; };
		6A16B48AB8EC8C1EC9254F63 /* BloomPass.cpp in Sources */ = {isa = PBXBuildFile; fileRef = 1F66FB164AFE6FC96B5B0EF2 /* BloomPass.cpp */; };
		777BD9339B14C687AB0E179C /* PostProcessing.cpp in Sources */ = {isa = PBXBuildFile; fileRef = A1D14E25C6321FECFFAD0BDC /* PostProcessing.cpp */; };
		90E7F32D28AD370D78965D97 /* FxaaPass.cpp in Sources */ = {isa = PBXBuildFile; fileRef = 5FB94AD640F472F1FC80B599 /* FxaaPass.cpp */; };
		93924D8BCDAE557ADC486187 /* DofAltPass.cpp in Sources */ = {isa = PBXBuildFile; fileRef = AABAE84E375A234C1463593E /* DofAltPass.cpp */; };
		9DFF966A799C86A42EC1BF9A /* NoiseWarpPass.cpp in Sources */ = {isa = PBXBuildFile; fileRef = 3946AA500CCD53206C9689FD /* NoiseWarpPass.cpp */; };
		9FE917DC20FF6E991ED89E53 /* VerticalTiltShifPass.cpp in Sources */ = {isa = PBXBuildFile; fileRef = 3A942C7DA93B2E1FEA058A23 /* VerticalTiltShifPass.cpp */; };
		A4422167F563DF76456EE2CA /* BleachBypassPass.cpp in Sources */ = {isa = PBXBuildFile; fileRef = 89F3C91BE1AC8FB8E5C8F465 /* BleachBypassPass.cpp */; };
		B60BFFC960BE97F2F511CD0B /* EdgePass.cpp in Sources */ = {isa = PBXBuildFile; fileRef = 03E8C8B4B21BC8C59369FF91 /* EdgePass.cpp */; };
		D19908618FCAF89DB498C5B0 /* FakeSSSPass.cpp in Sources */ = {isa = PBXBuildFile; fileRef = 7DFBA2BDA43A333A217CC4E4 /* FakeSSSPass.cpp */; };
		DE6918C22C66ED21EA433A79 /* ToonPass.cpp in Sources */ = {isa = PBXBuildFile; fileRef = 391D20D9890474B0B1FBEBB2 /* ToonPass.cpp */; };
		E4328149138ABC9F0047C5CB /* openFrameworksDebug.a in Frameworks */ = {isa = PBXBuildFile; fileRef = E4328148138ABC890047C5CB /* openFrameworksDebug.a */; };
		E4B69E200A3A1BDC003C02F2 /* main.cpp in Sources */ = {isa = PBXBuildFile; fileRef = E4B69E1D0A3A1BDC003C02F2 /* main.cpp */; };
		EF774DCF2F95661D07E28628 /* RGBShiftPass.cpp in Sources */ = {isa = PBXBuildFile; fileRef = A57FC1A9E61496A2C16F1B98 /* RGBShiftPass.cpp */; };
		F16A1249E757B46690E1C865 /* DofPass.cpp in Sources */ = {isa = PBXBuildFile; fileRef = BE2FD1E684EDA2066916C501 /* DofPass.cpp */; };
		F9CD77A0F11E11866F5D8778 /* PixelatePass.cpp in Sources */ = {isa = PBXBuildFile; fileRef = 3F9178E879D5D40CBFE2C8CD /* PixelatePass.cpp */; };
/* End PBXBuildFile section */

/* Begin PBXContainerItemProxy section */
		E4328147138ABC890047C5CB /* PBXContainerItemProxy */ = {
			isa = PBXContainerItemProxy;
			containerPortal = E4328143138ABC890047C5CB /* openFrameworksLib.xcodeproj */;
			proxyType = 2;
			remoteGlobalIDString = E4B27C1510CBEB8E00536013;
			remoteInfo = openFrameworks;
		};
		E4EEB9AB138B136A00A80321 /* PBXContainerItemProxy */ = {
			isa = PBXContainerItemProxy;
			containerPortal = E4328143138ABC890047C5CB /* openFrameworksLib.xcodeproj */;
			proxyType = 1;
			remoteGlobalIDString = E4B27C1410CBEB8E00536013;
			remoteInfo = openFrameworks;
		};
/* End PBXContainerItemProxy section */

/* Begin PBXCopyFilesBuildPhase section */
		E4C2427710CC5ABF004149E2 /* CopyFiles */ = {
			isa = PBXCopyFilesBuildPhase;
			buildActionMask = 2147483647;
			dstPath = "";
			dstSubfolderSpec = 10;
			files = (
			);
			runOnlyForDeploymentPostprocessing = 0;
		};
/* End PBXCopyFilesBuildPhase section */

/* Begin PBXFileReference section */
		00A1BFCBB38848AD0E0C8539 /* testApp.cpp */ = {isa = PBXFileReference; explicitFileType = sourcecode.cpp.cpp; fileEncoding = 30; name = testApp.cpp; path = src/testApp.cpp; sourceTree = SOURCE_ROOT; };
		03E8C8B4B21BC8C59369FF91 /* EdgePass.cpp */ = {isa = PBXFileReference; explicitFileType = sourcecode.cpp.cpp; fileEncoding = 30; name = EdgePass.cpp; path = ../../../addons/ofxPostProcessing_tekt/src/EdgePass.cpp; sourceTree = SOURCE_ROOT; };
		0632C95CB0D62A3C2577535A /* ConvolutionPass.cpp */ = {isa = PBXFileReference; explicitFileType = sourcecode.cpp.cpp; fileEncoding = 30; name = ConvolutionPass.cpp; path = ../../../addons/ofxPostProcessing_tekt/src/ConvolutionPass.cpp; sourceTree = SOURCE_ROOT; };
		0DC57C699728C1FC7F741E0E /* ContrastPass.cpp */ = {isa = PBXFileReference; explicitFileType = sourcecode.cpp.cpp; fileEncoding = 30; name = ContrastPass.cpp; path = ../../../addons/ofxPostProcessing_tekt/src/ContrastPass.cpp; sourceTree = SOURCE_ROOT; };
		16C78E41AB74EECD047AC9AA /* HorizontalTiltShifPass.h */ = {isa = PBXFileReference; explicitFileType = sourcecode.c.h; fileEncoding = 30; lineEnding = 0; name = HorizontalTiltShifPass.h; path = ../../../addons/ofxPostProcessing_tekt/src/HorizontalTiltShifPass.h; sourceTree = SOURCE_ROOT; xcLanguageSpecificationIdentifier = xcode.lang.objcpp; };
		1E51B2A107144AE4BA072A39 /* VerticalTiltShifPass.h */ = {isa = PBXFileReference; explicitFileType = sourcecode.c.h; fileEncoding = 30; lineEnding = 0; name = VerticalTiltShifPass.h; path = ../../../addons/ofxPostProcessing_tekt/src/VerticalTiltShifPass.h; sourceTree = SOURCE_ROOT; xcLanguageSpecificationIdentifier = xcode.lang.objcpp; };
		1F308CFDEBE35B626C2409EC /* PostProcessing.h */ = {isa = PBXFileReference; explicitFileType = sourcecode.c.h; fileEncoding = 30; lineEnding = 0; name = PostProcessing.h; path = ../../../addons/ofxPostProcessing_tekt/src/PostProcessing.h; sourceTree = SOURCE_ROOT; xcLanguageSpecificationIdentifier = xcode.lang.objcpp; };
		1F66FB164AFE6FC96B5B0EF2 /* BloomPass.cpp */ = {isa = PBXFileReference; explicitFileType = sourcecode.cpp.cpp; fileEncoding = 30; name = BloomPass.cpp; path = ../../../addons/ofxPostProcessing_tekt/src/BloomPass.cpp; sourceTree = SOURCE_ROOT; };
		20322B90B0E6D731944E4320 /* SSAOPass.cpp */ = {isa = PBXFileReference; explicitFileType = sourcecode.cpp.cpp; fileEncoding = 30; name = SSAOPass.cpp; path = ../../../addons/ofxPostProcessing_tekt/src/SSAOPass.cpp; sourceTree = SOURCE_ROOT; };
		22E0EC206B7531C59266EFAF /* RGBShiftPass.h */ = {isa = PBXFileReference; explicitFileType = sourcecode.c.h; fileEncoding = 30; lineEnding = 0; name = RGBShiftPass.h; path = ../../../addons/ofxPostProcessing_tekt/src/RGBShiftPass.h; sourceTree = SOURCE_ROOT; xcLanguageSpecificationIdentifier = xcode.lang.objcpp; };
		2763BCACBC620AEC534765B1 /* ZoomBlurPass.h */ = {isa = PBXFileReference; explicitFileType = sourcecode.c.h; fileEncoding = 30; lineEnding = 0; name = ZoomBlurPass.h; path = ../../../addons/ofxPostProcessing_tekt/src/ZoomBlurPass.h; sourceTree = SOURCE_ROOT; xcLanguageSpecificationIdentifier = xcode.lang.objcpp; };
		2D129AB0F7D46B8DFCEADEDB /* testApp.h */ = {isa = PBXFileReference; explicitFileType = sourcecode.c.h; fileEncoding = 30; name = testApp.h; path = src/testApp.h; sourceTree = SOURCE_ROOT; };
		2D884D20E7A93CE820DB2D3F /* KaleidoscopePass.cpp */ = {isa = PBXFileReference; explicitFileType = sourcecode.cpp.cpp; fileEncoding = 30; name = KaleidoscopePass.cpp; path = ../../../addons/ofxPostProcessing_tekt/src/KaleidoscopePass.cpp; sourceTree = SOURCE_ROOT; };
		391D20D9890474B0B1FBEBB2 /* ToonPass.cpp */ = {isa = PBXFileReference; explicitFileType = sourcecode.cpp.cpp; fileEncoding = 30; name = ToonPass.cpp; path = ../../../addons/ofxPostProcessing_tekt/src/ToonPass.cpp; sourceTree = SOURCE_ROOT; };
		3946AA500CCD53206C9689FD /* NoiseWarpPass.cpp */ = {isa = PBXFileReference; explicitFileType = sourcecode.cpp.cpp; fileEncoding = 30; name = NoiseWarpPass.cpp; path = ../../../addons/ofxPostProcessing_tekt/src/NoiseWarpPass.cpp; sourceTree = SOURCE_ROOT; };
		3A942C7DA93B2E1FEA058A23 /* VerticalTiltShifPass.cpp */ = {isa = PBXFileReference; explicitFileType = sourcecode.cpp.cpp; fileEncoding = 30; name = VerticalTiltShifPass.cpp; path = ../../../addons/ofxPostProcessing_tekt/src/VerticalTiltShifPass.cpp; sourceTree = SOURCE_ROOT; };
		3F9178E879D5D40CBFE2C8CD /* PixelatePass.cpp */ = {isa = PBXFileReference; explicitFileType = sourcecode.cpp.cpp; fileEncoding = 30; name = PixelatePass.cpp; path = ../../../addons/ofxPostProcessing_tekt/src/PixelatePass.cpp; sourceTree = SOURCE_ROOT; };
		441D17377ED04D1E1E204A45 /* RenderPass.cpp */ = {isa = PBXFileReference; explicitFileType = sourcecode.cpp.cpp; fileEncoding = 30; name = RenderPass.cpp; path = ../../../addons/ofxPostProcessing_tekt/src/RenderPass.cpp; sourceTree = SOURCE_ROOT; };
		46D94A3CEA39E7EC6E4D2AA2 /* SSAOPass.h */ = {isa = PBXFileReference; explicitFileType = sourcecode.c.h; fileEncoding = 30; lineEnding = 0; name = SSAOPass.h; path = ../../../addons/ofxPostProcessing_tekt/src/SSAOPass.h; sourceTree = SOURCE_ROOT; xcLanguageSpecificationIdentifier = xcode.lang.objcpp; };
		558D8C1A35967D67789E5B49 /* NoiseWarpPass.h */ = {isa = PBXFileReference; explicitFileType = sourcecode.c.h; fileEncoding = 30; lineEnding = 0; name = NoiseWarpPass.h; path = ../../../addons/ofxPostProcessing_tekt/src/NoiseWarpPass.h; sourceTree = SOURCE_ROOT; xcLanguageSpecificationIdentifier = xcode.lang.objcpp; };
		5DB79DBC1A3C33AAB7292E2A /* PixelatePass.h */ = {isa = PBXFileReference; explicitFileType = sourcecode.c.h; fileEncoding = 30; lineEnding = 0; name = PixelatePass.h; path = ../../../addons/ofxPostProcessing_tekt/src/PixelatePass.h; sourceTree = SOURCE_ROOT; xcLanguageSpecificationIdentifier = xcode.lang.objcpp; };
		5FB94AD640F472F1FC80B599 /* FxaaPass.cpp */ = {isa = PBXFileReference; explicitFileType = sourcecode.cpp.cpp; fileEncoding = 30; name = FxaaPass.cpp; path = ../../../addons/ofxPostProcessing_tekt/src/FxaaPass.cpp; sourceTree = SOURCE_ROOT; };
		619CEAC063210E57821F9840 /* LimbDarkeningPass.cpp */ = {isa = PBXFileReference; explicitFileType = sourcecode.cpp.cpp; fileEncoding = 30; name = LimbDarkeningPass.cpp; path = ../../../addons/ofxPostProcessing_tekt/src/LimbDarkeningPass.cpp; sourceTree = SOURCE_ROOT; };
		65E488CA0E0D4401F0E5EB1D /* BloomPass.h */ = {isa = PBXFileReference; explicitFileType = sourcecode.c.h; fileEncoding = 30; name = BloomPass.h; path = ../../../addons/ofxPostProcessing_tekt/src/BloomPass.h; sourceTree = SOURCE_ROOT; };
		68AA53B819B29A72BBF25EEA /* ContrastPass.h */ = {isa = PBXFileReference; explicitFileType = sourcecode.c.h; fileEncoding = 30; name = ContrastPass.h; path = ../../../addons/ofxPostProcessing_tekt/src/ContrastPass.h; sourceTree = SOURCE_ROOT; };
		69A5BD19DA17329A6C93304E /* ToonPass.h */ = {isa = PBXFileReference; explicitFileType = sourcecode.c.h; fileEncoding = 30; lineEnding = 0; name = ToonPass.h; path = ../../../addons/ofxPostProcessing_tekt/src/ToonPass.h; sourceTree = SOURCE_ROOT; xcLanguageSpecificationIdentifier = xcode.lang.objcpp; };
		6C670670DACF1BD3A7AADBD5 /* LimbDarkeningPass.h */ = {isa = PBXFileReference; explicitFileType = sourcecode.c.h; fileEncoding = 30; lineEnding = 0; name = LimbDarkeningPass.h; path = ../../../addons/ofxPostProcessing_tekt/src/LimbDarkeningPass.h; sourceTree = SOURCE_ROOT; xcLanguageSpecificationIdentifier = xcode.lang.objcpp; };
		71BD2F99084A4DFDBB43289B /* DofAltPass.h */ = {isa = PBXFileReference; explicitFileType = sourcecode.c.h; fileEncoding = 30; name = DofAltPass.h; path = ../../../addons/ofxPostProcessing_tekt/src/DofAltPass.h; sourceTree = SOURCE_ROOT; };
		7B5CE99A07D9D8A75A0866A7 /* FxaaPass.h */ = {isa = PBXFileReference; explicitFileType = sourcecode.c.h; fileEncoding = 30; lineEnding = 0; name = FxaaPass.h; path = ../../../addons/ofxPostProcessing_tekt/src/FxaaPass.h; sourceTree = SOURCE_ROOT; xcLanguageSpecificationIdentifier = xcode.lang.objcpp; };
		7DFBA2BDA43A333A217CC4E4 /* FakeSSSPass.cpp */ = {isa = PBXFileReference; explicitFileType = sourcecode.cpp.cpp; fileEncoding = 30; name = FakeSSSPass.cpp; path = ../../../addons/ofxPostProcessing_tekt/src/FakeSSSPass.cpp; sourceTree = SOURCE_ROOT; };
		89F3C91BE1AC8FB8E5C8F465 /* BleachBypassPass.cpp */ = {isa = PBXFileReference; explicitFileType = sourcecode.cpp.cpp; fileEncoding = 30; name = BleachBypassPass.cpp; path = ../../../addons/ofxPostProcessing_tekt/src/BleachBypassPass.cpp; sourceTree = SOURCE_ROOT; };
		9D69DB911E09C65D89DBDC00 /* shaderTest.cpp */ = {isa = PBXFileReference; explicitFileType = sourcecode.cpp.cpp; fileEncoding = 30; name = shaderTest.cpp; path = ../../../addons/ofxPostProcessing_tekt/src/shaderTest.cpp; sourceTree = SOURCE_ROOT; };
		A1D14E25C6321FECFFAD0BDC /* PostProcessing.cpp */ = {isa = PBXFileReference; explicitFileType = sourcecode.cpp.cpp; fileEncoding = 30; name = PostProcessing.cpp; path = ../../../addons/ofxPostProcessing_tekt/src/PostProcessing.cpp; sourceTree = SOURCE_ROOT; };
		A57FC1A9E61496A2C16F1B98 /* RGBShiftPass.cpp */ = {isa = PBXFileReference; explicitFileType = sourcecode.cpp.cpp; fileEncoding = 30; name = RGBShiftPass.cpp; path = ../../../addons/ofxPostProcessing_tekt/src/RGBShiftPass.cpp; sourceTree = SOURCE_ROOT; };
		AABAE84E375A234C1463593E /* DofAltPass.cpp */ = {isa = PBXFileReference; explicitFileType = sourcecode.cpp.cpp; fileEncoding = 30; name = DofAltPass.cpp; path = ../../../addons/ofxPostProcessing_tekt/src/DofAltPass.cpp; sourceTree = SOURCE_ROOT; };
		B51641C09CA02F4A106AB7D4 /* EdgePass.h */ = {isa = PBXFileReference; explicitFileType = sourcecode.c.h; fileEncoding = 30; name = EdgePass.h; path = ../../../addons/ofxPostProcessing_tekt/src/EdgePass.h; sourceTree = SOURCE_ROOT; };
		B70D8109EED2706F6CF7A4F8 /* RenderPass.h */ = {isa = PBXFileReference; explicitFileType = sourcecode.c.h; fileEncoding = 30; lineEnding = 0; name = RenderPass.h; path = ../../../addons/ofxPostProcessing_tekt/src/RenderPass.h; sourceTree = SOURCE_ROOT; xcLanguageSpecificationIdentifier = xcode.lang.objcpp; };
		BD3D6E4E74EBDDAB9FA7E33A /* ZoomBlurPass.cpp */ = {isa = PBXFileReference; explicitFileType = sourcecode.cpp.cpp; fileEncoding = 30; name = ZoomBlurPass.cpp; path = ../../../addons/ofxPostProcessing_tekt/src/ZoomBlurPass.cpp; sourceTree = SOURCE_ROOT; };
		BE2FD1E684EDA2066916C501 /* DofPass.cpp */ = {isa = PBXFileReference; explicitFileType = sourcecode.cpp.cpp; fileEncoding = 30; name = DofPass.cpp; path = ../../../addons/ofxPostProcessing_tekt/src/DofPass.cpp; sourceTree = SOURCE_ROOT; };
		C724BA513D39425D5404A104 /* KaleidoscopePass.h */ = {isa = PBXFileReference; explicitFileType = sourcecode.c.h; fileEncoding = 30; lineEnding = 0; name = KaleidoscopePass.h; path = ../../../addons/ofxPostProcessing_tekt/src/KaleidoscopePass.h; sourceTree = SOURCE_ROOT; xcLanguageSpecificationIdentifier = xcode.lang.objcpp; };
		C74A893450BFD5D297D73704 /* GodRaysPass.cpp */ = {isa = PBXFileReference; explicitFileType = sourcecode.cpp.cpp; fileEncoding = 30; name = GodRaysPass.cpp; path = ../../../addons/ofxPostProcessing_tekt/src/GodRaysPass.cpp; sourceTree = SOURCE_ROOT; };
		CE804DD9D84E7B437524E028 /* RimHighlightingPass.cpp */ = {isa = PBXFileReference; explicitFileType = sourcecode.cpp.cpp; fileEncoding = 30; name = RimHighlightingPass.cpp; path = ../../../addons/ofxPostProcessing_tekt/src/RimHighlightingPass.cpp; sourceTree = SOURCE_ROOT; };
		D098A1797EA9BA97E2085D08 /* BleachBypassPass.h */ = {isa = PBXFileReference; explicitFileType = sourcecode.c.h; fileEncoding = 30; name = BleachBypassPass.h; path = ../../../addons/ofxPostProcessing_tekt/src/BleachBypassPass.h; sourceTree = SOURCE_ROOT; };
		DCEAC81881BC3A0923C66367 /* shaderTest.h */ = {isa = PBXFileReference; explicitFileType = sourcecode.c.h; fileEncoding = 30; name = shaderTest.h; path = ../../../addons/ofxPostProcessing_tekt/src/shaderTest.h; sourceTree = SOURCE_ROOT; };
		DF7B225DCE82CF4180CC8B60 /* ofxPostProcessing.h */ = {isa = PBXFileReference; explicitFileType = sourcecode.c.h; fileEncoding = 30; name = ofxPostProcessing.h; path = ../../../addons/ofxPostProcessing_tekt/src/ofxPostProcessing.h; sourceTree = SOURCE_ROOT; };
		E05F60E5FF75DC63E0FE5CE8 /* GodRaysPass.h */ = {isa = PBXFileReference; explicitFileType = sourcecode.c.h; fileEncoding = 30; lineEnding = 0; name = GodRaysPass.h; path = ../../../addons/ofxPostProcessing_tekt/src/GodRaysPass.h; sourceTree = SOURCE_ROOT; xcLanguageSpecificationIdentifier = xcode.lang.objcpp; };
		E4328143138ABC890047C5CB /* openFrameworksLib.xcodeproj */ = {isa = PBXFileReference; lastKnownFileType = "wrapper.pb-project"; name = openFrameworksLib.xcodeproj; path = ../../../libs/openFrameworksCompiled/project/osx/openFrameworksLib.xcodeproj; sourceTree = SOURCE_ROOT; };
		E4B69B5B0A3A1756003C02F2 /* exampleDebug.app */ = {isa = PBXFileReference; explicitFileType = wrapper.application; includeInIndex = 0; path = exampleDebug.app; sourceTree = BUILT_PRODUCTS_DIR; };
		E4B69E1D0A3A1BDC003C02F2 /* main.cpp */ = {isa = PBXFileReference; fileEncoding = 30; lastKnownFileType = sourcecode.cpp.cpp; name = main.cpp; path = src/main.cpp; sourceTree = SOURCE_ROOT; };
		E4B6FCAD0C3E899E008CF71C /* openFrameworks-Info.plist */ = {isa = PBXFileReference; fileEncoding = 30; lastKnownFileType = text.plist.xml; path = "openFrameworks-Info.plist"; sourceTree = "<group>"; };
		E4EB691F138AFCF100A09F29 /* CoreOF.xcconfig */ = {isa = PBXFileReference; fileEncoding = 4; lastKnownFileType = text.xcconfig; name = CoreOF.xcconfig; path = ../../../libs/openFrameworksCompiled/project/osx/CoreOF.xcconfig; sourceTree = SOURCE_ROOT; };
		E4EB6923138AFD0F00A09F29 /* Project.xcconfig */ = {isa = PBXFileReference; fileEncoding = 4; lastKnownFileType = text.xcconfig; path = Project.xcconfig; sourceTree = "<group>"; };
		E5B47C45AD385102E1BC7861 /* LUTPass.cpp */ = {isa = PBXFileReference; explicitFileType = sourcecode.cpp.cpp; fileEncoding = 30; name = LUTPass.cpp; path = ../../../addons/ofxPostProcessing_tekt/src/LUTPass.cpp; sourceTree = SOURCE_ROOT; };
		E609086CB4F2DCA053266896 /* RimHighlightingPass.h */ = {isa = PBXFileReference; explicitFileType = sourcecode.c.h; fileEncoding = 30; lineEnding = 0; name = RimHighlightingPass.h; path = ../../../addons/ofxPostProcessing_tekt/src/RimHighlightingPass.h; sourceTree = SOURCE_ROOT; xcLanguageSpecificationIdentifier = xcode.lang.objcpp; };
		E981382F8CAE638483C8CD0C /* FakeSSSPass.h */ = {isa = PBXFileReference; explicitFileType = sourcecode.c.h; fileEncoding = 30; lineEnding = 0; name = FakeSSSPass.h; path = ../../../addons/ofxPostProcessing_tekt/src/FakeSSSPass.h; sourceTree = SOURCE_ROOT; xcLanguageSpecificationIdentifier = xcode.lang.objcpp; };
		E9FF75755FA10B4C87F43E54 /* HorizontalTiltShifPass.cpp */ = {isa = PBXFileReference; explicitFileType = sourcecode.cpp.cpp; fileEncoding = 30; name = HorizontalTiltShifPass.cpp; path = ../../../addons/ofxPostProcessing_tekt/src/HorizontalTiltShifPass.cpp; sourceTree = SOURCE_ROOT; };
		EF6E23042E7B37C09F1FC9A4 /* DofPass.h */ = {isa = PBXFileReference; explicitFileType = sourcecode.c.h; fileEncoding = 30; name = DofPass.h; path = ../../../addons/ofxPostProcessing_tekt/src/DofPass.h; sourceTree = SOURCE_ROOT; };
		F582A5A07882E33C00F0F490 /* ConvolutionPass.h */ = {isa = PBXFileReference; explicitFileType = sourcecode.c.h; fileEncoding = 30; name = ConvolutionPass.h; path = ../../../addons/ofxPostProcessing_tekt/src/ConvolutionPass.h; sourceTree = SOURCE_ROOT; };
		FD66FB8D6C6D0A4238AA6677 /* LUTPass.h */ = {isa = PBXFileReference; explicitFileType = sourcecode.c.h; fileEncoding = 30; lineEnding = 0; name = LUTPass.h; path = ../../../addons/ofxPostProcessing_tekt/src/LUTPass.h; sourceTree = SOURCE_ROOT; xcLanguageSpecificationIdentifier = xcode.lang.objcpp; };
/* End PBXFileReference section */

/* Begin PBXFrameworksBuildPhase section */
		E4B69B590A3A1756003C02F2 /* Frameworks */ = {
			isa = PBXFrameworksBuildPhase;
			buildActionMask = 2147483647;
			files = (
				E4328149138ABC9F0047C5CB /* openFrameworksDebug.a in Frameworks */,
			);
			runOnlyForDeploymentPostprocessing = 0;
		};
/* End PBXFrameworksBuildPhase section */

/* Begin PBXGroup section */
		2D9E8DCEDFDFD50E7186477F /* src */ = {
			isa = PBXGroup;
			children = (
				89F3C91BE1AC8FB8E5C8F465 /* BleachBypassPass.cpp */,
				D098A1797EA9BA97E2085D08 /* BleachBypassPass.h */,
				1F66FB164AFE6FC96B5B0EF2 /* BloomPass.cpp */,
				65E488CA0E0D4401F0E5EB1D /* BloomPass.h */,
				0DC57C699728C1FC7F741E0E /* ContrastPass.cpp */,
				68AA53B819B29A72BBF25EEA /* ContrastPass.h */,
				0632C95CB0D62A3C2577535A /* ConvolutionPass.cpp */,
				F582A5A07882E33C00F0F490 /* ConvolutionPass.h */,
				AABAE84E375A234C1463593E /* DofAltPass.cpp */,
				71BD2F99084A4DFDBB43289B /* DofAltPass.h */,
				BE2FD1E684EDA2066916C501 /* DofPass.cpp */,
				EF6E23042E7B37C09F1FC9A4 /* DofPass.h */,
				03E8C8B4B21BC8C59369FF91 /* EdgePass.cpp */,
				B51641C09CA02F4A106AB7D4 /* EdgePass.h */,
				7DFBA2BDA43A333A217CC4E4 /* FakeSSSPass.cpp */,
				E981382F8CAE638483C8CD0C /* FakeSSSPass.h */,
				5FB94AD640F472F1FC80B599 /* FxaaPass.cpp */,
				7B5CE99A07D9D8A75A0866A7 /* FxaaPass.h */,
				C74A893450BFD5D297D73704 /* GodRaysPass.cpp */,
				E05F60E5FF75DC63E0FE5CE8 /* GodRaysPass.h */,
				E9FF75755FA10B4C87F43E54 /* HorizontalTiltShifPass.cpp */,
				16C78E41AB74EECD047AC9AA /* HorizontalTiltShifPass.h */,
				2D884D20E7A93CE820DB2D3F /* KaleidoscopePass.cpp */,
				C724BA513D39425D5404A104 /* KaleidoscopePass.h */,
				619CEAC063210E57821F9840 /* LimbDarkeningPass.cpp */,
				6C670670DACF1BD3A7AADBD5 /* LimbDarkeningPass.h */,
				E5B47C45AD385102E1BC7861 /* LUTPass.cpp */,
				FD66FB8D6C6D0A4238AA6677 /* LUTPass.h */,
				3946AA500CCD53206C9689FD /* NoiseWarpPass.cpp */,
				558D8C1A35967D67789E5B49 /* NoiseWarpPass.h */,
				DF7B225DCE82CF4180CC8B60 /* ofxPostProcessing.h */,
				3F9178E879D5D40CBFE2C8CD /* PixelatePass.cpp */,
				5DB79DBC1A3C33AAB7292E2A /* PixelatePass.h */,
				A1D14E25C6321FECFFAD0BDC /* PostProcessing.cpp */,
				1F308CFDEBE35B626C2409EC /* PostProcessing.h */,
				441D17377ED04D1E1E204A45 /* RenderPass.cpp */,
				B70D8109EED2706F6CF7A4F8 /* RenderPass.h */,
				A57FC1A9E61496A2C16F1B98 /* RGBShiftPass.cpp */,
				22E0EC206B7531C59266EFAF /* RGBShiftPass.h */,
				CE804DD9D84E7B437524E028 /* RimHighlightingPass.cpp */,
				E609086CB4F2DCA053266896 /* RimHighlightingPass.h */,
				9D69DB911E09C65D89DBDC00 /* shaderTest.cpp */,
				DCEAC81881BC3A0923C66367 /* shaderTest.h */,
				20322B90B0E6D731944E4320 /* SSAOPass.cpp */,
				46D94A3CEA39E7EC6E4D2AA2 /* SSAOPass.h */,
				391D20D9890474B0B1FBEBB2 /* ToonPass.cpp */,
				69A5BD19DA17329A6C93304E /* ToonPass.h */,
				3A942C7DA93B2E1FEA058A23 /* VerticalTiltShifPass.cpp */,
				1E51B2A107144AE4BA072A39 /* VerticalTiltShifPass.h */,
				BD3D6E4E74EBDDAB9FA7E33A /* ZoomBlurPass.cpp */,
				2763BCACBC620AEC534765B1 /* ZoomBlurPass.h */,
			);
			name = src;
			sourceTree = "<group>";
		};
		6948EE371B920CB800B5AC1A /* local_addons */ = {
			isa = PBXGroup;
			children = (
			);
			name = local_addons;
			sourceTree = "<group>";
		};
		B694D7A1A19DEBAF8DD4C1AB /* ofxPostProcessing_tekt */ = {
			isa = PBXGroup;
			children = (
				2D9E8DCEDFDFD50E7186477F /* src */,
			);
			name = ofxPostProcessing_tekt;
			sourceTree = "<group>";
		};
		BB4B014C10F69532006C3DED /* addons */ = {
			isa = PBXGroup;
			children = (
				B694D7A1A19DEBAF8DD4C1AB /* ofxPostProcessing_tekt */,
			);
			name = addons;
			sourceTree = "<group>";
		};
		E4328144138ABC890047C5CB /* Products */ = {
			isa = PBXGroup;
			children = (
				E4328148138ABC890047C5CB /* openFrameworksDebug.a */,
			);
			name = Products;
			sourceTree = "<group>";
		};
		E4B69B4A0A3A1720003C02F2 = {
			isa = PBXGroup;
			children = (
				E4B6FCAD0C3E899E008CF71C /* openFrameworks-Info.plist */,
				E4EB6923138AFD0F00A09F29 /* Project.xcconfig */,
				E4B69E1C0A3A1BDC003C02F2 /* src */,
				E4EEC9E9138DF44700A80321 /* openFrameworks */,
				BB4B014C10F69532006C3DED /* addons */,
				6948EE371B920CB800B5AC1A /* local_addons */,
				E4B69B5B0A3A1756003C02F2 /* exampleDebug.app */,
			);
			sourceTree = "<group>";
		};
		E4B69E1C0A3A1BDC003C02F2 /* src */ = {
			isa = PBXGroup;
			children = (
				E4B69E1D0A3A1BDC003C02F2 /* main.cpp */,
				00A1BFCBB38848AD0E0C8539 /* testApp.cpp */,
				2D129AB0F7D46B8DFCEADEDB /* testApp.h */,
			);
			path = src;
			sourceTree = SOURCE_ROOT;
		};
		E4EEC9E9138DF44700A80321 /* openFrameworks */ = {
			isa = PBXGroup;
			children = (
				E4EB691F138AFCF100A09F29 /* CoreOF.xcconfig */,
				E4328143138ABC890047C5CB /* openFrameworksLib.xcodeproj */,
			);
			name = openFrameworks;
			sourceTree = "<group>";
		};
/* End PBXGroup section */

/* Begin PBXNativeTarget section */
		E4B69B5A0A3A1756003C02F2 /* example */ = {
			isa = PBXNativeTarget;
			buildConfigurationList = E4B69B5F0A3A1757003C02F2 /* Build configuration list for PBXNativeTarget "example" */;
			buildPhases = (
				E4B69B580A3A1756003C02F2 /* Sources */,
				E4B69B590A3A1756003C02F2 /* Frameworks */,
				E4B6FFFD0C3F9AB9008CF71C /* ShellScript */,
				E4C2427710CC5ABF004149E2 /* CopyFiles */,
			);
			buildRules = (
			);
			dependencies = (
				E4EEB9AC138B136A00A80321 /* PBXTargetDependency */,
			);
			name = example;
			productName = myOFApp;
			productReference = E4B69B5B0A3A1756003C02F2 /* exampleDebug.app */;
			productType = "com.apple.product-type.application";
		};
/* End PBXNativeTarget section */

/* Begin PBXProject section */
		E4B69B4C0A3A1720003C02F2 /* Project object */ = {
			isa = PBXProject;
			attributes = {
				LastUpgradeCheck = 0600;
			};
			buildConfigurationList = E4B69B4D0A3A1720003C02F2 /* Build configuration list for PBXProject "example" */;
			compatibilityVersion = "Xcode 3.2";
			developmentRegion = English;
			hasScannedForEncodings = 0;
			knownRegions = (
				English,
				Japanese,
				French,
				German,
			);
			mainGroup = E4B69B4A0A3A1720003C02F2;
			productRefGroup = E4B69B4A0A3A1720003C02F2;
			projectDirPath = "";
			projectReferences = (
				{
					ProductGroup = E4328144138ABC890047C5CB /* Products */;
					ProjectRef = E4328143138ABC890047C5CB /* openFrameworksLib.xcodeproj */;
				},
			);
			projectRoot = "";
			targets = (
				E4B69B5A0A3A1756003C02F2 /* example */,
			);
		};
/* End PBXProject section */

/* Begin PBXReferenceProxy section */
		E4328148138ABC890047C5CB /* openFrameworksDebug.a */ = {
			isa = PBXReferenceProxy;
			fileType = archive.ar;
			path = openFrameworksDebug.a;
			remoteRef = E4328147138ABC890047C5CB /* PBXContainerItemProxy */;
			sourceTree = BUILT_PRODUCTS_DIR;
		};
/* End PBXReferenceProxy section */

/* Begin PBXShellScriptBuildPhase section */
		E4B6FFFD0C3F9AB9008CF71C /* ShellScript */ = {
			isa = PBXShellScriptBuildPhase;
			buildActionMask = 2147483647;
			files = (
			);
			inputPaths = (
			);
			outputPaths = (
			);
			runOnlyForDeploymentPostprocessing = 0;
			shellPath = /bin/sh;
			shellScript = "mkdir -p \"$TARGET_BUILD_DIR/$PRODUCT_NAME.app/Contents/Resources/\"\n# Copy default icon file into App/Resources\nrsync -aved \"$ICON_FILE\" \"$TARGET_BUILD_DIR/$PRODUCT_NAME.app/Contents/Resources/\"\n# Copy libfmod and change install directory for fmod to run\nrsync -aved ../../../libs/fmodex/lib/osx/libfmodex.dylib \"$TARGET_BUILD_DIR/$PRODUCT_NAME.app/Contents/Frameworks/\";\ninstall_name_tool -change @executable_path/libfmodex.dylib @executable_path/../Frameworks/libfmodex.dylib \"$TARGET_BUILD_DIR/$PRODUCT_NAME.app/Contents/MacOS/$PRODUCT_NAME\";\n# Copy GLUT framework (must remove for AppStore submissions)\nrsync -aved ../../../libs/glut/lib/osx/GLUT.framework \"$TARGET_BUILD_DIR/$PRODUCT_NAME.app/Contents/Frameworks/\"\n";
		};
/* End PBXShellScriptBuildPhase section */

/* Begin PBXSourcesBuildPhase section */
		E4B69B580A3A1756003C02F2 /* Sources */ = {
			isa = PBXSourcesBuildPhase;
			buildActionMask = 2147483647;
			files = (
				E4B69E200A3A1BDC003C02F2 /* main.cpp in Sources */,
				29D734F0DDECC8C5978185D7 /* testApp.cpp in Sources */,
				A4422167F563DF76456EE2CA /* BleachBypassPass.cpp in Sources */,
				6A16B48AB8EC8C1EC9254F63 /* BloomPass.cpp in Sources */,
				23BE08467C4F490BB7D5D3EE /* ContrastPass.cpp in Sources */,
				5098A726B40C2AE8CE0AF2E1 /* ConvolutionPass.cpp in Sources */,
				93924D8BCDAE557ADC486187 /* DofAltPass.cpp in Sources */,
				F16A1249E757B46690E1C865 /* DofPass.cpp in Sources */,
				B60BFFC960BE97F2F511CD0B /* EdgePass.cpp in Sources */,
				D19908618FCAF89DB498C5B0 /* FakeSSSPass.cpp in Sources */,
				90E7F32D28AD370D78965D97 /* FxaaPass.cpp in Sources */,
				33C6938313D927202BFFC850 /* GodRaysPass.cpp in Sources */,
				3211E6D112C7FCFF4DAC8749 /* HorizontalTiltShifPass.cpp in Sources */,
				3F4761AEEF905D56AE3CE1C1 /* KaleidoscopePass.cpp in Sources */,
				00395D6900B4FBB84E41BE85 /* LimbDarkeningPass.cpp in Sources */,
				4765C568C22529075BF51CA6 /* LUTPass.cpp in Sources */,
				9DFF966A799C86A42EC1BF9A /* NoiseWarpPass.cpp in Sources */,
				F9CD77A0F11E11866F5D8778 /* PixelatePass.cpp in Sources */,
				777BD9339B14C687AB0E179C /* PostProcessing.cpp in Sources */,
				5AFCAB5F262B6357D8F6578E /* RenderPass.cpp in Sources */,
				EF774DCF2F95661D07E28628 /* RGBShiftPass.cpp in Sources */,
				3149AD333485BCA385E301A6 /* RimHighlightingPass.cpp in Sources */,
				19371CB78F63B7C40B3DA353 /* shaderTest.cpp in Sources */,
				479DDDF107DFEB76BCCEF29D /* SSAOPass.cpp in Sources */,
				DE6918C22C66ED21EA433A79 /* ToonPass.cpp in Sources */,
				9FE917DC20FF6E991ED89E53 /* VerticalTiltShifPass.cpp in Sources */,
				67BD4516FDF633EBF1145146 /* ZoomBlurPass.cpp in Sources */,
			);
			runOnlyForDeploymentPostprocessing = 0;
		};
/* End PBXSourcesBuildPhase section */

/* Begin PBXTargetDependency section */
		E4EEB9AC138B136A00A80321 /* PBXTargetDependency */ = {
			isa = PBXTargetDependency;
			name = openFrameworks;
			targetProxy = E4EEB9AB138B136A00A80321 /* PBXContainerItemProxy */;
		};
/* End PBXTargetDependency section */

/* Begin XCBuildConfiguration section */
		E4B69B4E0A3A1720003C02F2 /* Debug */ = {
			isa = XCBuildConfiguration;
			baseConfigurationReference = E4EB6923138AFD0F00A09F29 /* Project.xcconfig */;
			buildSettings = {
				CONFIGURATION_BUILD_DIR = "$(SRCROOT)/bin/";
				COPY_PHASE_STRIP = NO;
				DEAD_CODE_STRIPPING = YES;
				GCC_AUTO_VECTORIZATION = YES;
				GCC_ENABLE_SSE3_EXTENSIONS = YES;
				GCC_ENABLE_SUPPLEMENTAL_SSE3_INSTRUCTIONS = YES;
				GCC_INLINES_ARE_PRIVATE_EXTERN = NO;
				GCC_OPTIMIZATION_LEVEL = 0;
				GCC_SYMBOLS_PRIVATE_EXTERN = NO;
				GCC_WARN_ABOUT_DEPRECATED_FUNCTIONS = YES;
				GCC_WARN_ABOUT_INVALID_OFFSETOF_MACRO = NO;
				GCC_WARN_ALLOW_INCOMPLETE_PROTOCOL = NO;
				GCC_WARN_UNINITIALIZED_AUTOS = NO;
				GCC_WARN_UNUSED_VALUE = NO;
				GCC_WARN_UNUSED_VARIABLE = NO;
				HEADER_SEARCH_PATHS = (
					"$(OF_CORE_HEADERS)",
					src,
					../../../addons/ofxPostProcessing_tekt/src,
				);
				MACOSX_DEPLOYMENT_TARGET = 10.8;
				ONLY_ACTIVE_ARCH = YES;
				OTHER_CPLUSPLUSFLAGS = (
					"-D__MACOSX_CORE__",
					"-mtune=native",
				);
				SDKROOT = macosx;
			};
			name = Debug;
		};
		E4B69B4F0A3A1720003C02F2 /* Release */ = {
			isa = XCBuildConfiguration;
			baseConfigurationReference = E4EB6923138AFD0F00A09F29 /* Project.xcconfig */;
			buildSettings = {
				CONFIGURATION_BUILD_DIR = "$(SRCROOT)/bin/";
				COPY_PHASE_STRIP = YES;
				DEAD_CODE_STRIPPING = YES;
				GCC_AUTO_VECTORIZATION = YES;
				GCC_ENABLE_SSE3_EXTENSIONS = YES;
				GCC_ENABLE_SUPPLEMENTAL_SSE3_INSTRUCTIONS = YES;
				GCC_INLINES_ARE_PRIVATE_EXTERN = NO;
				GCC_OPTIMIZATION_LEVEL = 3;
				GCC_SYMBOLS_PRIVATE_EXTERN = NO;
				GCC_UNROLL_LOOPS = YES;
				GCC_WARN_ABOUT_DEPRECATED_FUNCTIONS = YES;
				GCC_WARN_ABOUT_INVALID_OFFSETOF_MACRO = NO;
				GCC_WARN_ALLOW_INCOMPLETE_PROTOCOL = NO;
				GCC_WARN_UNINITIALIZED_AUTOS = NO;
				GCC_WARN_UNUSED_VALUE = NO;
				GCC_WARN_UNUSED_VARIABLE = NO;
				HEADER_SEARCH_PATHS = (
					"$(OF_CORE_HEADERS)",
					src,
					../../../addons/ofxPostProcessing_tekt/src,
				);
				MACOSX_DEPLOYMENT_TARGET = 10.8;
				OTHER_CPLUSPLUSFLAGS = (
					"-D__MACOSX_CORE__",
					"-mtune=native",
				);
				SDKROOT = macosx;
			};
			name = Release;
		};
		E4B69B600A3A1757003C02F2 /* Debug */ = {
			isa = XCBuildConfiguration;
			baseConfigurationReference = E4EB6923138AFD0F00A09F29 /* Project.xcconfig */;
			buildSettings = {
				COMBINE_HIDPI_IMAGES = YES;
				COPY_PHASE_STRIP = NO;
				FRAMEWORK_SEARCH_PATHS = (
					"$(inherited)",
					"$(FRAMEWORK_SEARCH_PATHS_QUOTED_FOR_TARGET_1)",
				);
				FRAMEWORK_SEARCH_PATHS_QUOTED_FOR_TARGET_1 = "\"$(SRCROOT)/../../../libs/glut/lib/osx\"";
				GCC_DYNAMIC_NO_PIC = NO;
				GCC_GENERATE_DEBUGGING_SYMBOLS = YES;
				GCC_MODEL_TUNING = NONE;
				HEADER_SEARCH_PATHS = (
					"$(OF_CORE_HEADERS)",
					src,
					../../../addons/ofxPostProcessing_tekt/src,
				);
				ICON = "$(ICON_NAME_DEBUG)";
				ICON_FILE = "$(ICON_FILE_PATH)$(ICON)";
				INFOPLIST_FILE = "openFrameworks-Info.plist";
				INSTALL_PATH = /Applications;
				LIBRARY_SEARCH_PATHS = "$(inherited)";
				PRODUCT_NAME = "$(TARGET_NAME)Debug";
				WRAPPER_EXTENSION = app;
			};
			name = Debug;
		};
		E4B69B610A3A1757003C02F2 /* Release */ = {
			isa = XCBuildConfiguration;
			baseConfigurationReference = E4EB6923138AFD0F00A09F29 /* Project.xcconfig */;
			buildSettings = {
				COMBINE_HIDPI_IMAGES = YES;
				COPY_PHASE_STRIP = YES;
				FRAMEWORK_SEARCH_PATHS = (
					"$(inherited)",
					"$(FRAMEWORK_SEARCH_PATHS_QUOTED_FOR_TARGET_1)",
				);
				FRAMEWORK_SEARCH_PATHS_QUOTED_FOR_TARGET_1 = "\"$(SRCROOT)/../../../libs/glut/lib/osx\"";
				GCC_GENERATE_DEBUGGING_SYMBOLS = YES;
				GCC_MODEL_TUNING = NONE;
				HEADER_SEARCH_PATHS = (
					"$(OF_CORE_HEADERS)",
					src,
					../../../addons/ofxPostProcessing_tekt/src,
				);
				ICON = "$(ICON_NAME_RELEASE)";
				ICON_FILE = "$(ICON_FILE_PATH)$(ICON)";
				INFOPLIST_FILE = "openFrameworks-Info.plist";
				INSTALL_PATH = /Applications;
				LIBRARY_SEARCH_PATHS = "$(inherited)";
				PRODUCT_NAME = "$(TARGET_NAME)";
				WRAPPER_EXTENSION = app;
				baseConfigurationReference = E4EB6923138AFD0F00A09F29;
			};
			name = Release;
		};
/* End XCBuildConfiguration section */

/* Begin XCConfigurationList section */
		E4B69B4D0A3A1720003C02F2 /* Build configuration list for PBXProject "example" */ = {
			isa = XCConfigurationList;
			buildConfigurations = (
				E4B69B4E0A3A1720003C02F2 /* Debug */,
				E4B69B4F0A3A1720003C02F2 /* Release */,
			);
			defaultConfigurationIsVisible = 0;
			defaultConfigurationName = Release;
		};
		E4B69B5F0A3A1757003C02F2 /* Build configuration list for PBXNativeTarget "example" */ = {
			isa = XCConfigurationList;
			buildConfigurations = (
				E4B69B600A3A1757003C02F2 /* Debug */,
				E4B69B610A3A1757003C02F2 /* Release */,
			);
			defaultConfigurationIsVisible = 0;
			defaultConfigurationName = Release;
		};
/* End XCConfigurationList section */
	};
	rootObject = E4B69B4C0A3A1720003C02F2 /* Project object */;
}
